
Microsoft Visual Studio Solution File, Format Version 12.00
# Visual Studio 15
VisualStudioVersion = 15.0.28307.421
MinimumVisualStudioVersion = 10.0.40219.1
Project("{FAE04EC0-301F-11D3-BF4B-00C04F79EFBC}") = "Jacks or Better", "WpfApp1\Jacks or Better.csproj", "{B5113752-6342-41AA-B9BC-D4C5647064ED}"
EndProject
Global
	GlobalSection(SolutionConfigurationPlatforms) = preSolution
		Debug|Any CPU = Debug|Any CPU
		Release|Any CPU = Release|Any CPU
	EndGlobalSection
	GlobalSection(ProjectConfigurationPlatforms) = postSolution
		{B5113752-6342-41AA-B9BC-D4C5647064ED}.Debug|Any CPU.ActiveCfg = Debug|Any CPU
		{B5113752-6342-41AA-B9BC-D4C5647064ED}.Debug|Any CPU.Build.0 = Debug|Any CPU
		{B5113752-6342-41AA-B9BC-D4C5647064ED}.Release|Any CPU.ActiveCfg = Release|Any CPU
		{B5113752-6342-41AA-B9BC-D4C5647064ED}.Release|Any CPU.Build.0 = Release|Any CPU
	EndGlobalSection
	GlobalSection(SolutionProperties) = preSolution
		HideSolutionNode = FALSE
	EndGlobalSection
	GlobalSection(ExtensibilityGlobals) = postSolution
		SolutionGuid = {CE103741-8B30-4BF7-BEDF-0F71B12E5743}
	EndGlobalSection
EndGlobal
